
Microsoft Visual Studio Solution File, Format Version 12.00
Project("{2150E333-8FDC-42A3-9474-1A3956D46DE8}") = "Creational", "Creational", "{89D99FDA-4B51-4C4C-A46C-480DC840718F}"
EndProject
Project("{FAE04EC0-301F-11D3-BF4B-00C04F79EFBC}") = "Builder", "Builder\Builder.csproj", "{6543D0C4-6237-4C3B-A7A6-FF7820C0EC9E}"
EndProject
Project("{FAE04EC0-301F-11D3-BF4B-00C04F79EFBC}") = "Singleton", "Singleton\Singleton.csproj", "{25ED4A0E-C631-4B91-BCD2-CB90F924ACBB}"
EndProject
Project("{FAE04EC0-301F-11D3-BF4B-00C04F79EFBC}") = "AbstractFactory", "AbstractFactory\AbstractFactory.csproj", "{AD77D61E-EB9A-417D-927A-97795EB8110F}"
EndProject
Project("{FAE04EC0-301F-11D3-BF4B-00C04F79EFBC}") = "FactoryMethod", "FactoryMethod\FactoryMethod.csproj", "{8B7F9DDD-0533-4A4E-8C98-FED5D922E1B8}"
EndProject
Project("{FAE04EC0-301F-11D3-BF4B-00C04F79EFBC}") = "Prototype", "Prototype\Prototype.csproj", "{8A409541-D27B-44A2-B2EE-25694D9127DD}"
EndProject
Project("{2150E333-8FDC-42A3-9474-1A3956D46DE8}") = "Structural", "Structural", "{7C82A5A7-C57A-41CC-8DCF-1EB901BFF3B3}"
EndProject
Project("{FAE04EC0-301F-11D3-BF4B-00C04F79EFBC}") = "Adapter", "Adapter\Adapter.csproj", "{91FE5A6F-75A0-401B-A056-01518826481B}"
EndProject
Project("{FAE04EC0-301F-11D3-BF4B-00C04F79EFBC}") = "Facade", "Facade\Facade.csproj", "{E733DF20-8E33-4B0C-9495-155C0303DE01}"
EndProject
Project("{FAE04EC0-301F-11D3-BF4B-00C04F79EFBC}") = "Composite", "Composite\Composite.csproj", "{ED1DABF1-6E14-47AF-8FB8-7FC1B78FDA02}"
EndProject
Project("{FAE04EC0-301F-11D3-BF4B-00C04F79EFBC}") = "Decorator", "Decorator\Decorator.csproj", "{628E93BD-2440-4E7A-94D0-10954A18B632}"
EndProject
Project("{FAE04EC0-301F-11D3-BF4B-00C04F79EFBC}") = "Proxy", "Proxy\Proxy.csproj", "{E58C4EDB-6510-4335-AA7D-FCACEDED7E26}"
EndProject
Project("{FAE04EC0-301F-11D3-BF4B-00C04F79EFBC}") = "Flyweight", "Flyweight\Flyweight.csproj", "{8585F82D-266F-41DE-8B7C-98D591979FC5}"
EndProject
Project("{FAE04EC0-301F-11D3-BF4B-00C04F79EFBC}") = "Bridge", "Bridge\Bridge.csproj", "{BE24ADB2-8C55-4A08-A756-76DAC5EB6745}"
EndProject
Project("{2150E333-8FDC-42A3-9474-1A3956D46DE8}") = "Behavioral", "Behavioral", "{CF53DD23-FB03-457E-A9C3-FED8466C5ADC}"
EndProject
Project("{FAE04EC0-301F-11D3-BF4B-00C04F79EFBC}") = "Strategy", "Strategy\Strategy.csproj", "{87A2A4E7-B25A-491A-8B09-CC680094A775}"
EndProject
Project("{FAE04EC0-301F-11D3-BF4B-00C04F79EFBC}") = "State", "State\State.csproj", "{916EA7D0-ADF1-47BB-BB3E-ECF6FA062C49}"
EndProject
Global
	GlobalSection(SolutionConfigurationPlatforms) = preSolution
		Debug|Any CPU = Debug|Any CPU
		Release|Any CPU = Release|Any CPU
	EndGlobalSection
	GlobalSection(NestedProjects) = preSolution
		{6543D0C4-6237-4C3B-A7A6-FF7820C0EC9E} = {89D99FDA-4B51-4C4C-A46C-480DC840718F}
		{25ED4A0E-C631-4B91-BCD2-CB90F924ACBB} = {89D99FDA-4B51-4C4C-A46C-480DC840718F}
		{AD77D61E-EB9A-417D-927A-97795EB8110F} = {89D99FDA-4B51-4C4C-A46C-480DC840718F}
		{8B7F9DDD-0533-4A4E-8C98-FED5D922E1B8} = {89D99FDA-4B51-4C4C-A46C-480DC840718F}
		{8A409541-D27B-44A2-B2EE-25694D9127DD} = {89D99FDA-4B51-4C4C-A46C-480DC840718F}
		{91FE5A6F-75A0-401B-A056-01518826481B} = {7C82A5A7-C57A-41CC-8DCF-1EB901BFF3B3}
		{E733DF20-8E33-4B0C-9495-155C0303DE01} = {7C82A5A7-C57A-41CC-8DCF-1EB901BFF3B3}
		{ED1DABF1-6E14-47AF-8FB8-7FC1B78FDA02} = {7C82A5A7-C57A-41CC-8DCF-1EB901BFF3B3}
		{628E93BD-2440-4E7A-94D0-10954A18B632} = {7C82A5A7-C57A-41CC-8DCF-1EB901BFF3B3}
		{E58C4EDB-6510-4335-AA7D-FCACEDED7E26} = {7C82A5A7-C57A-41CC-8DCF-1EB901BFF3B3}
		{8585F82D-266F-41DE-8B7C-98D591979FC5} = {7C82A5A7-C57A-41CC-8DCF-1EB901BFF3B3}
		{BE24ADB2-8C55-4A08-A756-76DAC5EB6745} = {7C82A5A7-C57A-41CC-8DCF-1EB901BFF3B3}
		{87A2A4E7-B25A-491A-8B09-CC680094A775} = {CF53DD23-FB03-457E-A9C3-FED8466C5ADC}
		{916EA7D0-ADF1-47BB-BB3E-ECF6FA062C49} = {CF53DD23-FB03-457E-A9C3-FED8466C5ADC}
	EndGlobalSection
	GlobalSection(ProjectConfigurationPlatforms) = postSolution
		{6543D0C4-6237-4C3B-A7A6-FF7820C0EC9E}.Debug|Any CPU.ActiveCfg = Debug|Any CPU
		{6543D0C4-6237-4C3B-A7A6-FF7820C0EC9E}.Debug|Any CPU.Build.0 = Debug|Any CPU
		{6543D0C4-6237-4C3B-A7A6-FF7820C0EC9E}.Release|Any CPU.ActiveCfg = Release|Any CPU
		{6543D0C4-6237-4C3B-A7A6-FF7820C0EC9E}.Release|Any CPU.Build.0 = Release|Any CPU
		{25ED4A0E-C631-4B91-BCD2-CB90F924ACBB}.Debug|Any CPU.ActiveCfg = Debug|Any CPU
		{25ED4A0E-C631-4B91-BCD2-CB90F924ACBB}.Debug|Any CPU.Build.0 = Debug|Any CPU
		{25ED4A0E-C631-4B91-BCD2-CB90F924ACBB}.Release|Any CPU.ActiveCfg = Release|Any CPU
		{25ED4A0E-C631-4B91-BCD2-CB90F924ACBB}.Release|Any CPU.Build.0 = Release|Any CPU
		{AD77D61E-EB9A-417D-927A-97795EB8110F}.Debug|Any CPU.ActiveCfg = Debug|Any CPU
		{AD77D61E-EB9A-417D-927A-97795EB8110F}.Debug|Any CPU.Build.0 = Debug|Any CPU
		{AD77D61E-EB9A-417D-927A-97795EB8110F}.Release|Any CPU.ActiveCfg = Release|Any CPU
		{AD77D61E-EB9A-417D-927A-97795EB8110F}.Release|Any CPU.Build.0 = Release|Any CPU
		{8B7F9DDD-0533-4A4E-8C98-FED5D922E1B8}.Debug|Any CPU.ActiveCfg = Debug|Any CPU
		{8B7F9DDD-0533-4A4E-8C98-FED5D922E1B8}.Debug|Any CPU.Build.0 = Debug|Any CPU
		{8B7F9DDD-0533-4A4E-8C98-FED5D922E1B8}.Release|Any CPU.ActiveCfg = Release|Any CPU
		{8B7F9DDD-0533-4A4E-8C98-FED5D922E1B8}.Release|Any CPU.Build.0 = Release|Any CPU
		{8A409541-D27B-44A2-B2EE-25694D9127DD}.Debug|Any CPU.ActiveCfg = Debug|Any CPU
		{8A409541-D27B-44A2-B2EE-25694D9127DD}.Debug|Any CPU.Build.0 = Debug|Any CPU
		{8A409541-D27B-44A2-B2EE-25694D9127DD}.Release|Any CPU.ActiveCfg = Release|Any CPU
		{8A409541-D27B-44A2-B2EE-25694D9127DD}.Release|Any CPU.Build.0 = Release|Any CPU
		{91FE5A6F-75A0-401B-A056-01518826481B}.Debug|Any CPU.ActiveCfg = Debug|Any CPU
		{91FE5A6F-75A0-401B-A056-01518826481B}.Debug|Any CPU.Build.0 = Debug|Any CPU
		{91FE5A6F-75A0-401B-A056-01518826481B}.Release|Any CPU.ActiveCfg = Release|Any CPU
		{91FE5A6F-75A0-401B-A056-01518826481B}.Release|Any CPU.Build.0 = Release|Any CPU
		{E733DF20-8E33-4B0C-9495-155C0303DE01}.Debug|Any CPU.ActiveCfg = Debug|Any CPU
		{E733DF20-8E33-4B0C-9495-155C0303DE01}.Debug|Any CPU.Build.0 = Debug|Any CPU
		{E733DF20-8E33-4B0C-9495-155C0303DE01}.Release|Any CPU.ActiveCfg = Release|Any CPU
		{E733DF20-8E33-4B0C-9495-155C0303DE01}.Release|Any CPU.Build.0 = Release|Any CPU
		{ED1DABF1-6E14-47AF-8FB8-7FC1B78FDA02}.Debug|Any CPU.ActiveCfg = Debug|Any CPU
		{ED1DABF1-6E14-47AF-8FB8-7FC1B78FDA02}.Debug|Any CPU.Build.0 = Debug|Any CPU
		{ED1DABF1-6E14-47AF-8FB8-7FC1B78FDA02}.Release|Any CPU.ActiveCfg = Release|Any CPU
		{ED1DABF1-6E14-47AF-8FB8-7FC1B78FDA02}.Release|Any CPU.Build.0 = Release|Any CPU
		{628E93BD-2440-4E7A-94D0-10954A18B632}.Debug|Any CPU.ActiveCfg = Debug|Any CPU
		{628E93BD-2440-4E7A-94D0-10954A18B632}.Debug|Any CPU.Build.0 = Debug|Any CPU
		{628E93BD-2440-4E7A-94D0-10954A18B632}.Release|Any CPU.ActiveCfg = Release|Any CPU
		{628E93BD-2440-4E7A-94D0-10954A18B632}.Release|Any CPU.Build.0 = Release|Any CPU
		{E58C4EDB-6510-4335-AA7D-FCACEDED7E26}.Debug|Any CPU.ActiveCfg = Debug|Any CPU
		{E58C4EDB-6510-4335-AA7D-FCACEDED7E26}.Debug|Any CPU.Build.0 = Debug|Any CPU
		{E58C4EDB-6510-4335-AA7D-FCACEDED7E26}.Release|Any CPU.ActiveCfg = Release|Any CPU
		{E58C4EDB-6510-4335-AA7D-FCACEDED7E26}.Release|Any CPU.Build.0 = Release|Any CPU
		{8585F82D-266F-41DE-8B7C-98D591979FC5}.Debug|Any CPU.ActiveCfg = Debug|Any CPU
		{8585F82D-266F-41DE-8B7C-98D591979FC5}.Debug|Any CPU.Build.0 = Debug|Any CPU
		{8585F82D-266F-41DE-8B7C-98D591979FC5}.Release|Any CPU.ActiveCfg = Release|Any CPU
		{8585F82D-266F-41DE-8B7C-98D591979FC5}.Release|Any CPU.Build.0 = Release|Any CPU
		{BE24ADB2-8C55-4A08-A756-76DAC5EB6745}.Debug|Any CPU.ActiveCfg = Debug|Any CPU
		{BE24ADB2-8C55-4A08-A756-76DAC5EB6745}.Debug|Any CPU.Build.0 = Debug|Any CPU
		{BE24ADB2-8C55-4A08-A756-76DAC5EB6745}.Release|Any CPU.ActiveCfg = Release|Any CPU
		{BE24ADB2-8C55-4A08-A756-76DAC5EB6745}.Release|Any CPU.Build.0 = Release|Any CPU
		{87A2A4E7-B25A-491A-8B09-CC680094A775}.Debug|Any CPU.ActiveCfg = Debug|Any CPU
		{87A2A4E7-B25A-491A-8B09-CC680094A775}.Debug|Any CPU.Build.0 = Debug|Any CPU
		{87A2A4E7-B25A-491A-8B09-CC680094A775}.Release|Any CPU.ActiveCfg = Release|Any CPU
		{87A2A4E7-B25A-491A-8B09-CC680094A775}.Release|Any CPU.Build.0 = Release|Any CPU
		{916EA7D0-ADF1-47BB-BB3E-ECF6FA062C49}.Debug|Any CPU.ActiveCfg = Debug|Any CPU
		{916EA7D0-ADF1-47BB-BB3E-ECF6FA062C49}.Debug|Any CPU.Build.0 = Debug|Any CPU
		{916EA7D0-ADF1-47BB-BB3E-ECF6FA062C49}.Release|Any CPU.ActiveCfg = Release|Any CPU
		{916EA7D0-ADF1-47BB-BB3E-ECF6FA062C49}.Release|Any CPU.Build.0 = Release|Any CPU
	EndGlobalSection
EndGlobal
