
Microsoft Visual Studio Solution File, Format Version 12.00
Project("{2150E333-8FDC-42A3-9474-1A3956D46DE8}") = "Creational", "Creational", "{89D99FDA-4B51-4C4C-A46C-480DC840718F}"
EndProject
Project("{FAE04EC0-301F-11D3-BF4B-00C04F79EFBC}") = "Builder", "Builder\Builder.csproj", "{6543D0C4-6237-4C3B-A7A6-FF7820C0EC9E}"
EndProject
Project("{FAE04EC0-301F-11D3-BF4B-00C04F79EFBC}") = "Singleton", "Singleton\Singleton.csproj", "{25ED4A0E-C631-4B91-BCD2-CB90F924ACBB}"
EndProject
Project("{FAE04EC0-301F-11D3-BF4B-00C04F79EFBC}") = "AbstractFactory", "AbstractFactory\AbstractFactory.csproj", "{AD77D61E-EB9A-417D-927A-97795EB8110F}"
EndProject
Project("{FAE04EC0-301F-11D3-BF4B-00C04F79EFBC}") = "FactoryMethod", "FactoryMethod\FactoryMethod.csproj", "{8B7F9DDD-0533-4A4E-8C98-FED5D922E1B8}"
EndProject
Global
	GlobalSection(SolutionConfigurationPlatforms) = preSolution
		Debug|Any CPU = Debug|Any CPU
		Release|Any CPU = Release|Any CPU
	EndGlobalSection
	GlobalSection(NestedProjects) = preSolution
		{6543D0C4-6237-4C3B-A7A6-FF7820C0EC9E} = {89D99FDA-4B51-4C4C-A46C-480DC840718F}
		{25ED4A0E-C631-4B91-BCD2-CB90F924ACBB} = {89D99FDA-4B51-4C4C-A46C-480DC840718F}
		{AD77D61E-EB9A-417D-927A-97795EB8110F} = {89D99FDA-4B51-4C4C-A46C-480DC840718F}
		{8B7F9DDD-0533-4A4E-8C98-FED5D922E1B8} = {89D99FDA-4B51-4C4C-A46C-480DC840718F}
	EndGlobalSection
	GlobalSection(ProjectConfigurationPlatforms) = postSolution
		{6543D0C4-6237-4C3B-A7A6-FF7820C0EC9E}.Debug|Any CPU.ActiveCfg = Debug|Any CPU
		{6543D0C4-6237-4C3B-A7A6-FF7820C0EC9E}.Debug|Any CPU.Build.0 = Debug|Any CPU
		{6543D0C4-6237-4C3B-A7A6-FF7820C0EC9E}.Release|Any CPU.ActiveCfg = Release|Any CPU
		{6543D0C4-6237-4C3B-A7A6-FF7820C0EC9E}.Release|Any CPU.Build.0 = Release|Any CPU
		{25ED4A0E-C631-4B91-BCD2-CB90F924ACBB}.Debug|Any CPU.ActiveCfg = Debug|Any CPU
		{25ED4A0E-C631-4B91-BCD2-CB90F924ACBB}.Debug|Any CPU.Build.0 = Debug|Any CPU
		{25ED4A0E-C631-4B91-BCD2-CB90F924ACBB}.Release|Any CPU.ActiveCfg = Release|Any CPU
		{25ED4A0E-C631-4B91-BCD2-CB90F924ACBB}.Release|Any CPU.Build.0 = Release|Any CPU
		{AD77D61E-EB9A-417D-927A-97795EB8110F}.Debug|Any CPU.ActiveCfg = Debug|Any CPU
		{AD77D61E-EB9A-417D-927A-97795EB8110F}.Debug|Any CPU.Build.0 = Debug|Any CPU
		{AD77D61E-EB9A-417D-927A-97795EB8110F}.Release|Any CPU.ActiveCfg = Release|Any CPU
		{AD77D61E-EB9A-417D-927A-97795EB8110F}.Release|Any CPU.Build.0 = Release|Any CPU
		{8B7F9DDD-0533-4A4E-8C98-FED5D922E1B8}.Debug|Any CPU.ActiveCfg = Debug|Any CPU
		{8B7F9DDD-0533-4A4E-8C98-FED5D922E1B8}.Debug|Any CPU.Build.0 = Debug|Any CPU
		{8B7F9DDD-0533-4A4E-8C98-FED5D922E1B8}.Release|Any CPU.ActiveCfg = Release|Any CPU
		{8B7F9DDD-0533-4A4E-8C98-FED5D922E1B8}.Release|Any CPU.Build.0 = Release|Any CPU
	EndGlobalSection
EndGlobal
